// !$*UTF8*$!
{
	archiveVersion = 1;
	classes = {
	};
	objectVersion = 46;
	objects = {

/* Begin PBXBuildFile section */
		B59B39AA1AE2CB51003EC524 /* AppDelegate.swift in Sources */ = {isa = PBXBuildFile; fileRef = B59B39A91AE2CB51003EC524 /* AppDelegate.swift */; };
		B59B39AC1AE2CB51003EC524 /* ViewController.swift in Sources */ = {isa = PBXBuildFile; fileRef = B59B39AB1AE2CB51003EC524 /* ViewController.swift */; };
		B59B39AF1AE2CB51003EC524 /* Main.storyboard in Resources */ = {isa = PBXBuildFile; fileRef = B59B39AD1AE2CB51003EC524 /* Main.storyboard */; };
		B59B39B11AE2CB51003EC524 /* Images.xcassets in Resources */ = {isa = PBXBuildFile; fileRef = B59B39B01AE2CB51003EC524 /* Images.xcassets */; };
		B59B39B41AE2CB51003EC524 /* LaunchScreen.xib in Resources */ = {isa = PBXBuildFile; fileRef = B59B39B21AE2CB51003EC524 /* LaunchScreen.xib */; };
		B59B39C01AE2CB51003EC524 /* tomatoTests.swift in Sources */ = {isa = PBXBuildFile; fileRef = B59B39BF1AE2CB51003EC524 /* tomatoTests.swift */; };
/* End PBXBuildFile section */

/* Begin PBXContainerItemProxy section */
		B59B39BA1AE2CB51003EC524 /* PBXContainerItemProxy */ = {
			isa = PBXContainerItemProxy;
			containerPortal = B59B399C1AE2CB51003EC524 /* Project object */;
			proxyType = 1;
			remoteGlobalIDString = B59B39A31AE2CB51003EC524;
			remoteInfo = tomato;
		};
/* End PBXContainerItemProxy section */

/* Begin PBXFileReference section */
		B59B39A41AE2CB51003EC524 /* tomato.app */ = {isa = PBXFileReference; explicitFileType = wrapper.application; includeInIndex = 0; path = tomato.app; sourceTree = BUILT_PRODUCTS_DIR; };
		B59B39A81AE2CB51003EC524 /* Info.plist */ = {isa = PBXFileReference; lastKnownFileType = text.plist.xml; path = Info.plist; sourceTree = "<group>"; };
		B59B39A91AE2CB51003EC524 /* AppDelegate.swift */ = {isa = PBXFileReference; lastKnownFileType = sourcecode.swift; path = AppDelegate.swift; sourceTree = "<group>"; };
		B59B39AB1AE2CB51003EC524 /* ViewController.swift */ = {isa = PBXFileReference; lastKnownFileType = sourcecode.swift; path = ViewController.swift; sourceTree = "<group>"; };
		B59B39AE1AE2CB51003EC524 /* Base */ = {isa = PBXFileReference; lastKnownFileType = file.storyboard; name = Base; path = Base.lproj/Main.storyboard; sourceTree = "<group>"; };
		B59B39B01AE2CB51003EC524 /* Images.xcassets */ = {isa = PBXFileReference; lastKnownFileType = folder.assetcatalog; path = Images.xcassets; sourceTree = "<group>"; };
		B59B39B31AE2CB51003EC524 /* Base */ = {isa = PBXFileReference; lastKnownFileType = file.xib; name = Base; path = Base.lproj/LaunchScreen.xib; sourceTree = "<group>"; };
		B59B39B91AE2CB51003EC524 /* tomatoTests.xctest */ = {isa = PBXFileReference; explicitFileType = wrapper.cfbundle; includeInIndex = 0; path = tomatoTests.xctest; sourceTree = BUILT_PRODUCTS_DIR; };
		B59B39BE1AE2CB51003EC524 /* Info.plist */ = {isa = PBXFileReference; lastKnownFileType = text.plist.xml; path = Info.plist; sourceTree = "<group>"; };
		B59B39BF1AE2CB51003EC524 /* tomatoTests.swift */ = {isa = PBXFileReference; lastKnownFileType = sourcecode.swift; path = tomatoTests.swift; sourceTree = "<group>"; };
/* End PBXFileReference section */

/* Begin PBXFrameworksBuildPhase section */
		B59B39A11AE2CB51003EC524 /* Frameworks */ = {
			isa = PBXFrameworksBuildPhase;
			buildActionMask = 2147483647;
			files = (
			);
			runOnlyForDeploymentPostprocessing = 0;
		};
		B59B39B61AE2CB51003EC524 /* Frameworks */ = {
			isa = PBXFrameworksBuildPhase;
			buildActionMask = 2147483647;
			files = (
			);
			runOnlyForDeploymentPostprocessing = 0;
		};
/* End PBXFrameworksBuildPhase section */

/* Begin PBXGroup section */
		B59B399B1AE2CB51003EC524 = {
			isa = PBXGroup;
			children = (
				B59B39A61AE2CB51003EC524 /* tomato */,
				B59B39BC1AE2CB51003EC524 /* tomatoTests */,
				B59B39A51AE2CB51003EC524 /* Products */,
			);
			sourceTree = "<group>";
		};
		B59B39A51AE2CB51003EC524 /* Products */ = {
			isa = PBXGroup;
			children = (
				B59B39A41AE2CB51003EC524 /* tomato.app */,
				B59B39B91AE2CB51003EC524 /* tomatoTests.xctest */,
			);
			name = Products;
			sourceTree = "<group>";
		};
		B59B39A61AE2CB51003EC524 /* tomato */ = {
			isa = PBXGroup;
			children = (
				B59B39A91AE2CB51003EC524 /* AppDelegate.swift */,
				B59B39AB1AE2CB51003EC524 /* ViewController.swift */,
				B59B39AD1AE2CB51003EC524 /* Main.storyboard */,
				B59B39B01AE2CB51003EC524 /* Images.xcassets */,
				B59B39B21AE2CB51003EC524 /* LaunchScreen.xib */,
				B59B39A71AE2CB51003EC524 /* Supporting Files */,
			);
			path = tomato;
			sourceTree = "<group>";
		};
		B59B39A71AE2CB51003EC524 /* Supporting Files */ = {
			isa = PBXGroup;
			children = (
				B59B39A81AE2CB51003EC524 /* Info.plist */,
			);
			name = "Supporting Files";
			sourceTree = "<group>";
		};
		B59B39BC1AE2CB51003EC524 /* tomatoTests */ = {
			isa = PBXGroup;
			children = (
				B59B39BF1AE2CB51003EC524 /* tomatoTests.swift */,
				B59B39BD1AE2CB51003EC524 /* Supporting Files */,
			);
			path = tomatoTests;
			sourceTree = "<group>";
		};
		B59B39BD1AE2CB51003EC524 /* Supporting Files */ = {
			isa = PBXGroup;
			children = (
				B59B39BE1AE2CB51003EC524 /* Info.plist */,
			);
			name = "Supporting Files";
			sourceTree = "<group>";
		};
/* End PBXGroup section */

/* Begin PBXNativeTarget section */
		B59B39A31AE2CB51003EC524 /* tomato */ = {
			isa = PBXNativeTarget;
			buildConfigurationList = B59B39C31AE2CB51003EC524 /* Build configuration list for PBXNativeTarget "tomato" */;
			buildPhases = (
				B59B39A01AE2CB51003EC524 /* Sources */,
				B59B39A11AE2CB51003EC524 /* Frameworks */,
				B59B39A21AE2CB51003EC524 /* Resources */,
			);
			buildRules = (
			);
			dependencies = (
			);
			name = tomato;
			productName = tomato;
			productReference = B59B39A41AE2CB51003EC524 /* tomato.app */;
			productType = "com.apple.product-type.application";
		};
		B59B39B81AE2CB51003EC524 /* tomatoTests */ = {
			isa = PBXNativeTarget;
			buildConfigurationList = B59B39C61AE2CB51003EC524 /* Build configuration list for PBXNativeTarget "tomatoTests" */;
			buildPhases = (
				B59B39B51AE2CB51003EC524 /* Sources */,
				B59B39B61AE2CB51003EC524 /* Frameworks */,
				B59B39B71AE2CB51003EC524 /* Resources */,
			);
			buildRules = (
			);
			dependencies = (
				B59B39BB1AE2CB51003EC524 /* PBXTargetDependency */,
			);
			name = tomatoTests;
			productName = tomatoTests;
			productReference = B59B39B91AE2CB51003EC524 /* tomatoTests.xctest */;
			productType = "com.apple.product-type.bundle.unit-test";
		};
/* End PBXNativeTarget section */

/* Begin PBXProject section */
		B59B399C1AE2CB51003EC524 /* Project object */ = {
			isa = PBXProject;
			attributes = {
				LastUpgradeCheck = 0630;
				ORGANIZATIONNAME = muspaper;
				TargetAttributes = {
					B59B39A31AE2CB51003EC524 = {
						CreatedOnToolsVersion = 6.3;
					};
					B59B39B81AE2CB51003EC524 = {
						CreatedOnToolsVersion = 6.3;
						TestTargetID = B59B39A31AE2CB51003EC524;
					};
				};
			};
			buildConfigurationList = B59B399F1AE2CB51003EC524 /* Build configuration list for PBXProject "tomato" */;
			compatibilityVersion = "Xcode 3.2";
			developmentRegion = English;
			hasScannedForEncodings = 0;
			knownRegions = (
				en,
				Base,
			);
			mainGroup = B59B399B1AE2CB51003EC524;
			productRefGroup = B59B39A51AE2CB51003EC524 /* Products */;
			projectDirPath = "";
			projectRoot = "";
			targets = (
				B59B39A31AE2CB51003EC524 /* tomato */,
				B59B39B81AE2CB51003EC524 /* tomatoTests */,
			);
		};
/* End PBXProject section */

/* Begin PBXResourcesBuildPhase section */
		B59B39A21AE2CB51003EC524 /* Resources */ = {
			isa = PBXResourcesBuildPhase;
			buildActionMask = 2147483647;
			files = (
				B59B39AF1AE2CB51003EC524 /* Main.storyboard in Resources */,
				B59B39B41AE2CB51003EC524 /* LaunchScreen.xib in Resources */,
				B59B39B11AE2CB51003EC524 /* Images.xcassets in Resources */,
			);
			runOnlyForDeploymentPostprocessing = 0;
		};
		B59B39B71AE2CB51003EC524 /* Resources */ = {
			isa = PBXResourcesBuildPhase;
			buildActionMask = 2147483647;
			files = (
			);
			runOnlyForDeploymentPostprocessing = 0;
		};
/* End PBXResourcesBuildPhase section */

/* Begin PBXSourcesBuildPhase section */
		B59B39A01AE2CB51003EC524 /* Sources */ = {
			isa = PBXSourcesBuildPhase;
			buildActionMask = 2147483647;
			files = (
				B59B39AC1AE2CB51003EC524 /* ViewController.swift in Sources */,
				B59B39AA1AE2CB51003EC524 /* AppDelegate.swift in Sources */,
			);
			runOnlyForDeploymentPostprocessing = 0;
		};
		B59B39B51AE2CB51003EC524 /* Sources */ = {
			isa = PBXSourcesBuildPhase;
			buildActionMask = 2147483647;
			files = (
				B59B39C01AE2CB51003EC524 /* tomatoTests.swift in Sources */,
			);
			runOnlyForDeploymentPostprocessing = 0;
		};
/* End PBXSourcesBuildPhase section */

/* Begin PBXTargetDependency section */
		B59B39BB1AE2CB51003EC524 /* PBXTargetDependency */ = {
			isa = PBXTargetDependency;
			target = B59B39A31AE2CB51003EC524 /* tomato */;
			targetProxy = B59B39BA1AE2CB51003EC524 /* PBXContainerItemProxy */;
		};
/* End PBXTargetDependency section */

/* Begin PBXVariantGroup section */
		B59B39AD1AE2CB51003EC524 /* Main.storyboard */ = {
			isa = PBXVariantGroup;
			children = (
				B59B39AE1AE2CB51003EC524 /* Base */,
			);
			name = Main.storyboard;
			sourceTree = "<group>";
		};
		B59B39B21AE2CB51003EC524 /* LaunchScreen.xib */ = {
			isa = PBXVariantGroup;
			children = (
				B59B39B31AE2CB51003EC524 /* Base */,
			);
			name = LaunchScreen.xib;
			sourceTree = "<group>";
		};
/* End PBXVariantGroup section */

/* Begin XCBuildConfiguration section */
		B59B39C11AE2CB51003EC524 /* Debug */ = {
			isa = XCBuildConfiguration;
			buildSettings = {
				ALWAYS_SEARCH_USER_PATHS = NO;
				CLANG_CXX_LANGUAGE_STANDARD = "gnu++0x";
				CLANG_CXX_LIBRARY = "libc++";
				CLANG_ENABLE_MODULES = YES;
				CLANG_ENABLE_OBJC_ARC = YES;
				CLANG_WARN_BOOL_CONVERSION = YES;
				CLANG_WARN_CONSTANT_CONVERSION = YES;
				CLANG_WARN_DIRECT_OBJC_ISA_USAGE = YES_ERROR;
				CLANG_WARN_EMPTY_BODY = YES;
				CLANG_WARN_ENUM_CONVERSION = YES;
				CLANG_WARN_INT_CONVERSION = YES;
				CLANG_WARN_OBJC_ROOT_CLASS = YES_ERROR;
				CLANG_WARN_UNREACHABLE_CODE = YES;
				CLANG_WARN__DUPLICATE_METHOD_MATCH = YES;
				"CODE_SIGN_IDENTITY[sdk=iphoneos*]" = "iPhone Developer";
				COPY_PHASE_STRIP = NO;
				DEBUG_INFORMATION_FORMAT = "dwarf-with-dsym";
				ENABLE_STRICT_OBJC_MSGSEND = YES;
				GCC_C_LANGUAGE_STANDARD = gnu99;
				GCC_DYNAMIC_NO_PIC = NO;
				GCC_NO_COMMON_BLOCKS = YES;
				GCC_OPTIMIZATION_LEVEL = 0;
				GCC_PREPROCESSOR_DEFINITIONS = (
					"DEBUG=1",
					"$(inherited)",
				);
				GCC_SYMBOLS_PRIVATE_EXTERN = NO;
				GCC_WARN_64_TO_32_BIT_CONVERSION = YES;
				GCC_WARN_ABOUT_RETURN_TYPE = YES_ERROR;
				GCC_WARN_UNDECLARED_SELECTOR = YES;
				GCC_WARN_UNINITIALIZED_AUTOS = YES_AGGRESSIVE;
				GCC_WARN_UNUSED_FUNCTION = YES;
				GCC_WARN_UNUSED_VARIABLE = YES;
				IPHONEOS_DEPLOYMENT_TARGET = 8.3;
				MTL_ENABLE_DEBUG_INFO = YES;
				ONLY_ACTIVE_ARCH = YES;
				SDKROOT = iphoneos;
				SWIFT_OPTIMIZATION_LEVEL = "-Onone";
			};
			name = Debug;
		};
		B59B39C21AE2CB51003EC524 /* Release */ = {
			isa = XCBuildConfiguration;
			buildSettings = {
				ALWAYS_SEARCH_USER_PATHS = NO;
				CLANG_CXX_LANGUAGE_STANDARD = "gnu++0x";
				CLANG_CXX_LIBRARY = "libc++";
				CLANG_ENABLE_MODULES = YES;
				CLANG_ENABLE_OBJC_ARC = YES;
				CLANG_WARN_BOOL_CONVERSION = YES;
				CLANG_WARN_CONSTANT_CONVERSION = YES;
				CLANG_WARN_DIRECT_OBJC_ISA_USAGE = YES_ERROR;
				CLANG_WARN_EMPTY_BODY = YES;
				CLANG_WARN_ENUM_CONVERSION = YES;
				CLANG_WARN_INT_CONVERSION = YES;
				CLANG_WARN_OBJC_ROOT_CLASS = YES_ERROR;
				CLANG_WARN_UNREACHABLE_CODE = YES;
				CLANG_WARN__DUPLICATE_METHOD_MATCH = YES;
				"CODE_SIGN_IDENTITY[sdk=iphoneos*]" = "iPhone Developer";
				COPY_PHASE_STRIP = NO;
				DEBUG_INFORMATION_FORMAT = "dwarf-with-dsym";
				ENABLE_NS_ASSERTIONS = NO;
				ENABLE_STRICT_OBJC_MSGSEND = YES;
				GCC_C_LANGUAGE_STANDARD = gnu99;
				GCC_NO_COMMON_BLOCKS = YES;
				GCC_WARN_64_TO_32_BIT_CONVERSION = YES;
				GCC_WARN_ABOUT_RETURN_TYPE = YES_ERROR;
				GCC_WARN_UNDECLARED_SELECTOR = YES;
				GCC_WARN_UNINITIALIZED_AUTOS = YES_AGGRESSIVE;
				GCC_WARN_UNUSED_FUNCTION = YES;
				GCC_WARN_UNUSED_VARIABLE = YES;
				IPHONEOS_DEPLOYMENT_TARGET = 8.3;
				MTL_ENABLE_DEBUG_INFO = NO;
				SDKROOT = iphoneos;
				VALIDATE_PRODUCT = YES;
			};
			name = Release;
		};
		B59B39C41AE2CB51003EC524 /* Debug */ = {
			isa = XCBuildConfiguration;
			buildSettings = {
				ASSETCATALOG_COMPILER_APPICON_NAME = AppIcon;
				INFOPLIST_FILE = tomato/Info.plist;
				LD_RUNPATH_SEARCH_PATHS = "$(inherited) @executable_path/Frameworks";
				PRODUCT_NAME = "$(TARGET_NAME)";
			};
			name = Debug;
		};
		B59B39C51AE2CB51003EC524 /* Release */ = {
			isa = XCBuildConfiguration;
			buildSettings = {
				ASSETCATALOG_COMPILER_APPICON_NAME = AppIcon;
				INFOPLIST_FILE = tomato/Info.plist;
				LD_RUNPATH_SEARCH_PATHS = "$(inherited) @executable_path/Frameworks";
				PRODUCT_NAME = "$(TARGET_NAME)";
			};
			name = Release;
		};
		B59B39C71AE2CB51003EC524 /* Debug */ = {
			isa = XCBuildConfiguration;
			buildSettings = {
				BUNDLE_LOADER = "$(TEST_HOST)";
				FRAMEWORK_SEARCH_PATHS = (
					"$(SDKROOT)/Developer/Library/Frameworks",
					"$(inherited)",
				);
				GCC_PREPROCESSOR_DEFINITIONS = (
					"DEBUG=1",
					"$(inherited)",
				);
				INFOPLIST_FILE = tomatoTests/Info.plist;
				LD_RUNPATH_SEARCH_PATHS = "$(inherited) @executable_path/Frameworks @loader_path/Frameworks";
				PRODUCT_NAME = "$(TARGET_NAME)";
				TEST_HOST = "$(BUILT_PRODUCTS_DIR)/tomato.app/tomato";
			};
			name = Debug;
		};
		B59B39C81AE2CB51003EC524 /* Release */ = {
			isa = XCBuildConfiguration;
			buildSettings = {
				BUNDLE_LOADER = "$(TEST_HOST)";
				FRAMEWORK_SEARCH_PATHS = (
					"$(SDKROOT)/Developer/Library/Frameworks",
					"$(inherited)",
				);
				INFOPLIST_FILE = tomatoTests/Info.plist;
				LD_RUNPATH_SEARCH_PATHS = "$(inherited) @executable_path/Frameworks @loader_path/Frameworks";
				PRODUCT_NAME = "$(TARGET_NAME)";
				TEST_HOST = "$(BUILT_PRODUCTS_DIR)/tomato.app/tomato";
			};
			name = Release;
		};
/* End XCBuildConfiguration section */

/* Begin XCConfigurationList section */
		B59B399F1AE2CB51003EC524 /* Build configuration list for PBXProject "tomato" */ = {
			isa = XCConfigurationList;
			buildConfigurations = (
				B59B39C11AE2CB51003EC524 /* Debug */,
				B59B39C21AE2CB51003EC524 /* Release */,
			);
			defaultConfigurationIsVisible = 0;
			defaultConfigurationName = Release;
		};
		B59B39C31AE2CB51003EC524 /* Build configuration list for PBXNativeTarget "tomato" */ = {
			isa = XCConfigurationList;
			buildConfigurations = (
				B59B39C41AE2CB51003EC524 /* Debug */,
				B59B39C51AE2CB51003EC524 /* Release */,
			);
			defaultConfigurationIsVisible = 0;
		};
		B59B39C61AE2CB51003EC524 /* Build configuration list for PBXNativeTarget "tomatoTests" */ = {
			isa = XCConfigurationList;
			buildConfigurations = (
				B59B39C71AE2CB51003EC524 /* Debug */,
				B59B39C81AE2CB51003EC524 /* Release */,
			);
			defaultConfigurationIsVisible = 0;
		};
/* End XCConfigurationList section */
	};
	rootObject = B59B399C1AE2CB51003EC524 /* Project object */;
}
